
Microsoft Visual Studio Solution File, Format Version 12.00
# Visual Studio Version 17
VisualStudioVersion = 17.7.34003.232
MinimumVisualStudioVersion = 10.0.40219.1
Project("{FAE04EC0-301F-11D3-BF4B-00C04F79EFBC}") = "Slot_Machine", "Slot_Machine.csproj", "{F28C0B8B-A669-4F9D-AF95-61097576CD8C}"
EndProject
Global
	GlobalSection(SolutionConfigurationPlatforms) = preSolution
		Debug|Any CPU = Debug|Any CPU
		Release|Any CPU = Release|Any CPU
	EndGlobalSection
	GlobalSection(ProjectConfigurationPlatforms) = postSolution
		{F28C0B8B-A669-4F9D-AF95-61097576CD8C}.Debug|Any CPU.ActiveCfg = Debug|Any CPU
		{F28C0B8B-A669-4F9D-AF95-61097576CD8C}.Debug|Any CPU.Build.0 = Debug|Any CPU
		{F28C0B8B-A669-4F9D-AF95-61097576CD8C}.Release|Any CPU.ActiveCfg = Release|Any CPU
		{F28C0B8B-A669-4F9D-AF95-61097576CD8C}.Release|Any CPU.Build.0 = Release|Any CPU
	EndGlobalSection
	GlobalSection(SolutionProperties) = preSolution
		HideSolutionNode = FALSE
	EndGlobalSection
	GlobalSection(ExtensibilityGlobals) = postSolution
		SolutionGuid = {D5A6C577-E372-42F0-AD12-B1504A7339D6}
	EndGlobalSection
EndGlobal
